{
  "name": "grunt",
  "version": "0.0.1",
  "lockfileVersion": 1,
  "dependencies": {
    "@types/node": {
      "version": "https://registry.npmjs.org/@types/node/-/node-7.0.18.tgz",
      "integrity": "sha1-zWfyfT3Az7dG8L3V4IbExdVb4XM=",
      "dev": true
    },
    "vscode-nls": {
      "version": "https://registry.npmjs.org/vscode-nls/-/vscode-nls-2.0.2.tgz",
      "integrity": "sha1-gIUiOAhEuK0VNJmvXDsDkhrqAto="
    }
  }
}
